// !$*UTF8*$!
{
	archiveVersion = 1;
	classes = {
	};
	objectVersion = 50;
	objects = {

/* Begin PBXBuildFile section */
		363033174F7037088C804950 /* Pods_flixster.framework in Frameworks */ = {isa = PBXBuildFile; fileRef = 9CCA776D561E13963B26EA20 /* Pods_flixster.framework */; };
		63DDCFB9A3AC568EA2689B93 /* Pods_flixsterTests.framework in Frameworks */ = {isa = PBXBuildFile; fileRef = 5B8788AF2293A1DC4F2BA405 /* Pods_flixsterTests.framework */; };
		B8AE6A64910871990BDE0CFE /* Pods_flixsterUITests.framework in Frameworks */ = {isa = PBXBuildFile; fileRef = 72F445C9A1B3E5F47988F86F /* Pods_flixsterUITests.framework */; };
		D238446625D77D97005C24DB /* MovieCell.swift in Sources */ = {isa = PBXBuildFile; fileRef = D238446525D77D97005C24DB /* MovieCell.swift */; };
		D248A27125E080820016D494 /* MovieDetailsViewController.swift in Sources */ = {isa = PBXBuildFile; fileRef = D248A27025E080820016D494 /* MovieDetailsViewController.swift */; };
		D248A27625E0BA8D0016D494 /* MovieGridViewController.swift in Sources */ = {isa = PBXBuildFile; fileRef = D248A27525E0BA8D0016D494 /* MovieGridViewController.swift */; };
		D248A27B25E0C0FD0016D494 /* MovieGridCell.swift in Sources */ = {isa = PBXBuildFile; fileRef = D248A27A25E0C0FD0016D494 /* MovieGridCell.swift */; };
		D2573C0625D6163500E3F41E /* AppDelegate.swift in Sources */ = {isa = PBXBuildFile; fileRef = D2573C0525D6163500E3F41E /* AppDelegate.swift */; };
		D2573C0825D6163500E3F41E /* SceneDelegate.swift in Sources */ = {isa = PBXBuildFile; fileRef = D2573C0725D6163500E3F41E /* SceneDelegate.swift */; };
		D2573C0D25D6163500E3F41E /* Main.storyboard in Resources */ = {isa = PBXBuildFile; fileRef = D2573C0B25D6163500E3F41E /* Main.storyboard */; };
		D2573C0F25D6163900E3F41E /* Assets.xcassets in Resources */ = {isa = PBXBuildFile; fileRef = D2573C0E25D6163900E3F41E /* Assets.xcassets */; };
		D2573C1225D6163900E3F41E /* LaunchScreen.storyboard in Resources */ = {isa = PBXBuildFile; fileRef = D2573C1025D6163900E3F41E /* LaunchScreen.storyboard */; };
		D2573C1D25D6163A00E3F41E /* flixsterTests.swift in Sources */ = {isa = PBXBuildFile; fileRef = D2573C1C25D6163A00E3F41E /* flixsterTests.swift */; };
		D2573C2825D6163A00E3F41E /* flixsterUITests.swift in Sources */ = {isa = PBXBuildFile; fileRef = D2573C2725D6163A00E3F41E /* flixsterUITests.swift */; };
		D2573C3925D6371600E3F41E /* MoviesViewController.swift in Sources */ = {isa = PBXBuildFile; fileRef = D2573C3825D6371600E3F41E /* MoviesViewController.swift */; };
/* End PBXBuildFile section */

/* Begin PBXContainerItemProxy section */
		D2573C1925D6163A00E3F41E /* PBXContainerItemProxy */ = {
			isa = PBXContainerItemProxy;
			containerPortal = D2573BFA25D6163500E3F41E /* Project object */;
			proxyType = 1;
			remoteGlobalIDString = D2573C0125D6163500E3F41E;
			remoteInfo = flixster;
		};
		D2573C2425D6163A00E3F41E /* PBXContainerItemProxy */ = {
			isa = PBXContainerItemProxy;
			containerPortal = D2573BFA25D6163500E3F41E /* Project object */;
			proxyType = 1;
			remoteGlobalIDString = D2573C0125D6163500E3F41E;
			remoteInfo = flixster;
		};
/* End PBXContainerItemProxy section */

/* Begin PBXFileReference section */
		50655D217DF5EFDF2AF47C6E /* Pods-flixsterTests.debug.xcconfig */ = {isa = PBXFileReference; includeInIndex = 1; lastKnownFileType = text.xcconfig; name = "Pods-flixsterTests.debug.xcconfig"; path = "Pods/Target Support Files/Pods-flixsterTests/Pods-flixsterTests.debug.xcconfig"; sourceTree = "<group>"; };
		5B8788AF2293A1DC4F2BA405 /* Pods_flixsterTests.framework */ = {isa = PBXFileReference; explicitFileType = wrapper.framework; includeInIndex = 0; path = Pods_flixsterTests.framework; sourceTree = BUILT_PRODUCTS_DIR; };
		60C38C61A981E50EFA832284 /* Pods-flixsterTests.release.xcconfig */ = {isa = PBXFileReference; includeInIndex = 1; lastKnownFileType = text.xcconfig; name = "Pods-flixsterTests.release.xcconfig"; path = "Pods/Target Support Files/Pods-flixsterTests/Pods-flixsterTests.release.xcconfig"; sourceTree = "<group>"; };
		664CAC2F50B549773B677C55 /* Pods-flixsterUITests.release.xcconfig */ = {isa = PBXFileReference; includeInIndex = 1; lastKnownFileType = text.xcconfig; name = "Pods-flixsterUITests.release.xcconfig"; path = "Pods/Target Support Files/Pods-flixsterUITests/Pods-flixsterUITests.release.xcconfig"; sourceTree = "<group>"; };
		72F445C9A1B3E5F47988F86F /* Pods_flixsterUITests.framework */ = {isa = PBXFileReference; explicitFileType = wrapper.framework; includeInIndex = 0; path = Pods_flixsterUITests.framework; sourceTree = BUILT_PRODUCTS_DIR; };
		9CCA776D561E13963B26EA20 /* Pods_flixster.framework */ = {isa = PBXFileReference; explicitFileType = wrapper.framework; includeInIndex = 0; path = Pods_flixster.framework; sourceTree = BUILT_PRODUCTS_DIR; };
		A52188BF4679830B94E67D89 /* Pods-flixster.release.xcconfig */ = {isa = PBXFileReference; includeInIndex = 1; lastKnownFileType = text.xcconfig; name = "Pods-flixster.release.xcconfig"; path = "Pods/Target Support Files/Pods-flixster/Pods-flixster.release.xcconfig"; sourceTree = "<group>"; };
		B965A8D71DD52F4B93431AFD /* Pods-flixster.debug.xcconfig */ = {isa = PBXFileReference; includeInIndex = 1; lastKnownFileType = text.xcconfig; name = "Pods-flixster.debug.xcconfig"; path = "Pods/Target Support Files/Pods-flixster/Pods-flixster.debug.xcconfig"; sourceTree = "<group>"; };
		D238446525D77D97005C24DB /* MovieCell.swift */ = {isa = PBXFileReference; lastKnownFileType = sourcecode.swift; path = MovieCell.swift; sourceTree = "<group>"; };
		D248A27025E080820016D494 /* MovieDetailsViewController.swift */ = {isa = PBXFileReference; lastKnownFileType = sourcecode.swift; path = MovieDetailsViewController.swift; sourceTree = "<group>"; };
		D248A27525E0BA8D0016D494 /* MovieGridViewController.swift */ = {isa = PBXFileReference; lastKnownFileType = sourcecode.swift; path = MovieGridViewController.swift; sourceTree = "<group>"; };
		D248A27A25E0C0FD0016D494 /* MovieGridCell.swift */ = {isa = PBXFileReference; lastKnownFileType = sourcecode.swift; path = MovieGridCell.swift; sourceTree = "<group>"; };
		D2573C0225D6163500E3F41E /* flixster.app */ = {isa = PBXFileReference; explicitFileType = wrapper.application; includeInIndex = 0; path = flixster.app; sourceTree = BUILT_PRODUCTS_DIR; };
		D2573C0525D6163500E3F41E /* AppDelegate.swift */ = {isa = PBXFileReference; lastKnownFileType = sourcecode.swift; path = AppDelegate.swift; sourceTree = "<group>"; };
		D2573C0725D6163500E3F41E /* SceneDelegate.swift */ = {isa = PBXFileReference; lastKnownFileType = sourcecode.swift; path = SceneDelegate.swift; sourceTree = "<group>"; };
		D2573C0C25D6163500E3F41E /* Base */ = {isa = PBXFileReference; lastKnownFileType = file.storyboard; name = Base; path = Base.lproj/Main.storyboard; sourceTree = "<group>"; };
		D2573C0E25D6163900E3F41E /* Assets.xcassets */ = {isa = PBXFileReference; lastKnownFileType = folder.assetcatalog; path = Assets.xcassets; sourceTree = "<group>"; };
		D2573C1125D6163900E3F41E /* Base */ = {isa = PBXFileReference; lastKnownFileType = file.storyboard; name = Base; path = Base.lproj/LaunchScreen.storyboard; sourceTree = "<group>"; };
		D2573C1325D6163900E3F41E /* Info.plist */ = {isa = PBXFileReference; lastKnownFileType = text.plist.xml; path = Info.plist; sourceTree = "<group>"; };
		D2573C1825D6163A00E3F41E /* flixsterTests.xctest */ = {isa = PBXFileReference; explicitFileType = wrapper.cfbundle; includeInIndex = 0; path = flixsterTests.xctest; sourceTree = BUILT_PRODUCTS_DIR; };
		D2573C1C25D6163A00E3F41E /* flixsterTests.swift */ = {isa = PBXFileReference; lastKnownFileType = sourcecode.swift; path = flixsterTests.swift; sourceTree = "<group>"; };
		D2573C1E25D6163A00E3F41E /* Info.plist */ = {isa = PBXFileReference; lastKnownFileType = text.plist.xml; path = Info.plist; sourceTree = "<group>"; };
		D2573C2325D6163A00E3F41E /* flixsterUITests.xctest */ = {isa = PBXFileReference; explicitFileType = wrapper.cfbundle; includeInIndex = 0; path = flixsterUITests.xctest; sourceTree = BUILT_PRODUCTS_DIR; };
		D2573C2725D6163A00E3F41E /* flixsterUITests.swift */ = {isa = PBXFileReference; lastKnownFileType = sourcecode.swift; path = flixsterUITests.swift; sourceTree = "<group>"; };
		D2573C2925D6163A00E3F41E /* Info.plist */ = {isa = PBXFileReference; lastKnownFileType = text.plist.xml; path = Info.plist; sourceTree = "<group>"; };
		D2573C3825D6371600E3F41E /* MoviesViewController.swift */ = {isa = PBXFileReference; lastKnownFileType = sourcecode.swift; path = MoviesViewController.swift; sourceTree = "<group>"; };
		EE07F16666FB33F36091C0DA /* Pods-flixsterUITests.debug.xcconfig */ = {isa = PBXFileReference; includeInIndex = 1; lastKnownFileType = text.xcconfig; name = "Pods-flixsterUITests.debug.xcconfig"; path = "Pods/Target Support Files/Pods-flixsterUITests/Pods-flixsterUITests.debug.xcconfig"; sourceTree = "<group>"; };
/* End PBXFileReference section */

/* Begin PBXFrameworksBuildPhase section */
		D2573BFF25D6163500E3F41E /* Frameworks */ = {
			isa = PBXFrameworksBuildPhase;
			buildActionMask = 2147483647;
			files = (
				363033174F7037088C804950 /* Pods_flixster.framework in Frameworks */,
			);
			runOnlyForDeploymentPostprocessing = 0;
		};
		D2573C1525D6163A00E3F41E /* Frameworks */ = {
			isa = PBXFrameworksBuildPhase;
			buildActionMask = 2147483647;
			files = (
				63DDCFB9A3AC568EA2689B93 /* Pods_flixsterTests.framework in Frameworks */,
			);
			runOnlyForDeploymentPostprocessing = 0;
		};
		D2573C2025D6163A00E3F41E /* Frameworks */ = {
			isa = PBXFrameworksBuildPhase;
			buildActionMask = 2147483647;
			files = (
				B8AE6A64910871990BDE0CFE /* Pods_flixsterUITests.framework in Frameworks */,
			);
			runOnlyForDeploymentPostprocessing = 0;
		};
/* End PBXFrameworksBuildPhase section */

/* Begin PBXGroup section */
		19C6934A0618083C6E81CCBC /* Pods */ = {
			isa = PBXGroup;
			children = (
				B965A8D71DD52F4B93431AFD /* Pods-flixster.debug.xcconfig */,
				A52188BF4679830B94E67D89 /* Pods-flixster.release.xcconfig */,
				50655D217DF5EFDF2AF47C6E /* Pods-flixsterTests.debug.xcconfig */,
				60C38C61A981E50EFA832284 /* Pods-flixsterTests.release.xcconfig */,
				EE07F16666FB33F36091C0DA /* Pods-flixsterUITests.debug.xcconfig */,
				664CAC2F50B549773B677C55 /* Pods-flixsterUITests.release.xcconfig */,
			);
			name = Pods;
			sourceTree = "<group>";
		};
		C6D2C20C675D76189EAD1477 /* Frameworks */ = {
			isa = PBXGroup;
			children = (
				9CCA776D561E13963B26EA20 /* Pods_flixster.framework */,
				5B8788AF2293A1DC4F2BA405 /* Pods_flixsterTests.framework */,
				72F445C9A1B3E5F47988F86F /* Pods_flixsterUITests.framework */,
			);
			name = Frameworks;
			sourceTree = "<group>";
		};
		D2573BF925D6163500E3F41E = {
			isa = PBXGroup;
			children = (
				D2573C0425D6163500E3F41E /* flixster */,
				D2573C1B25D6163A00E3F41E /* flixsterTests */,
				D2573C2625D6163A00E3F41E /* flixsterUITests */,
				D2573C0325D6163500E3F41E /* Products */,
				19C6934A0618083C6E81CCBC /* Pods */,
				C6D2C20C675D76189EAD1477 /* Frameworks */,
			);
			sourceTree = "<group>";
		};
		D2573C0325D6163500E3F41E /* Products */ = {
			isa = PBXGroup;
			children = (
				D2573C0225D6163500E3F41E /* flixster.app */,
				D2573C1825D6163A00E3F41E /* flixsterTests.xctest */,
				D2573C2325D6163A00E3F41E /* flixsterUITests.xctest */,
			);
			name = Products;
			sourceTree = "<group>";
		};
		D2573C0425D6163500E3F41E /* flixster */ = {
			isa = PBXGroup;
			children = (
				D2573C0525D6163500E3F41E /* AppDelegate.swift */,
				D2573C0725D6163500E3F41E /* SceneDelegate.swift */,
				D2573C0B25D6163500E3F41E /* Main.storyboard */,
				D238446525D77D97005C24DB /* MovieCell.swift */,
				D2573C0E25D6163900E3F41E /* Assets.xcassets */,
				D2573C1025D6163900E3F41E /* LaunchScreen.storyboard */,
				D2573C1325D6163900E3F41E /* Info.plist */,
				D2573C3825D6371600E3F41E /* MoviesViewController.swift */,
				D248A27025E080820016D494 /* MovieDetailsViewController.swift */,
				D248A27525E0BA8D0016D494 /* MovieGridViewController.swift */,
				D248A27A25E0C0FD0016D494 /* MovieGridCell.swift */,
			);
			path = flixster;
			sourceTree = "<group>";
		};
		D2573C1B25D6163A00E3F41E /* flixsterTests */ = {
			isa = PBXGroup;
			children = (
				D2573C1C25D6163A00E3F41E /* flixsterTests.swift */,
				D2573C1E25D6163A00E3F41E /* Info.plist */,
			);
			path = flixsterTests;
			sourceTree = "<group>";
		};
		D2573C2625D6163A00E3F41E /* flixsterUITests */ = {
			isa = PBXGroup;
			children = (
				D2573C2725D6163A00E3F41E /* flixsterUITests.swift */,
				D2573C2925D6163A00E3F41E /* Info.plist */,
			);
			path = flixsterUITests;
			sourceTree = "<group>";
		};
/* End PBXGroup section */

/* Begin PBXNativeTarget section */
		D2573C0125D6163500E3F41E /* flixster */ = {
			isa = PBXNativeTarget;
			buildConfigurationList = D2573C2C25D6163A00E3F41E /* Build configuration list for PBXNativeTarget "flixster" */;
			buildPhases = (
				A3088F53385EF201711C90AB /* [CP] Check Pods Manifest.lock */,
				D2573BFE25D6163500E3F41E /* Sources */,
				D2573BFF25D6163500E3F41E /* Frameworks */,
				D2573C0025D6163500E3F41E /* Resources */,
				EF8EF008AA217752654A1321 /* [CP] Embed Pods Frameworks */,
			);
			buildRules = (
			);
			dependencies = (
			);
			name = flixster;
			productName = flixster;
			productReference = D2573C0225D6163500E3F41E /* flixster.app */;
			productType = "com.apple.product-type.application";
		};
		D2573C1725D6163A00E3F41E /* flixsterTests */ = {
			isa = PBXNativeTarget;
			buildConfigurationList = D2573C2F25D6163A00E3F41E /* Build configuration list for PBXNativeTarget "flixsterTests" */;
			buildPhases = (
				9214C0ED34B978CBA7A76ADF /* [CP] Check Pods Manifest.lock */,
				D2573C1425D6163A00E3F41E /* Sources */,
				D2573C1525D6163A00E3F41E /* Frameworks */,
				D2573C1625D6163A00E3F41E /* Resources */,
			);
			buildRules = (
			);
			dependencies = (
				D2573C1A25D6163A00E3F41E /* PBXTargetDependency */,
			);
			name = flixsterTests;
			productName = flixsterTests;
			productReference = D2573C1825D6163A00E3F41E /* flixsterTests.xctest */;
			productType = "com.apple.product-type.bundle.unit-test";
		};
		D2573C2225D6163A00E3F41E /* flixsterUITests */ = {
			isa = PBXNativeTarget;
			buildConfigurationList = D2573C3225D6163A00E3F41E /* Build configuration list for PBXNativeTarget "flixsterUITests" */;
			buildPhases = (
				41882664367358788DC7A68D /* [CP] Check Pods Manifest.lock */,
				D2573C1F25D6163A00E3F41E /* Sources */,
				D2573C2025D6163A00E3F41E /* Frameworks */,
				D2573C2125D6163A00E3F41E /* Resources */,
			);
			buildRules = (
			);
			dependencies = (
				D2573C2525D6163A00E3F41E /* PBXTargetDependency */,
			);
			name = flixsterUITests;
			productName = flixsterUITests;
			productReference = D2573C2325D6163A00E3F41E /* flixsterUITests.xctest */;
			productType = "com.apple.product-type.bundle.ui-testing";
		};
/* End PBXNativeTarget section */

/* Begin PBXProject section */
		D2573BFA25D6163500E3F41E /* Project object */ = {
			isa = PBXProject;
			attributes = {
				LastSwiftUpdateCheck = 1230;
				LastUpgradeCheck = 1230;
				TargetAttributes = {
					D2573C0125D6163500E3F41E = {
						CreatedOnToolsVersion = 12.3;
					};
					D2573C1725D6163A00E3F41E = {
						CreatedOnToolsVersion = 12.3;
						TestTargetID = D2573C0125D6163500E3F41E;
					};
					D2573C2225D6163A00E3F41E = {
						CreatedOnToolsVersion = 12.3;
						TestTargetID = D2573C0125D6163500E3F41E;
					};
				};
			};
			buildConfigurationList = D2573BFD25D6163500E3F41E /* Build configuration list for PBXProject "flixster" */;
			compatibilityVersion = "Xcode 9.3";
			developmentRegion = en;
			hasScannedForEncodings = 0;
			knownRegions = (
				en,
				Base,
			);
			mainGroup = D2573BF925D6163500E3F41E;
			productRefGroup = D2573C0325D6163500E3F41E /* Products */;
			projectDirPath = "";
			projectRoot = "";
			targets = (
				D2573C0125D6163500E3F41E /* flixster */,
				D2573C1725D6163A00E3F41E /* flixsterTests */,
				D2573C2225D6163A00E3F41E /* flixsterUITests */,
			);
		};
/* End PBXProject section */

/* Begin PBXResourcesBuildPhase section */
		D2573C0025D6163500E3F41E /* Resources */ = {
			isa = PBXResourcesBuildPhase;
			buildActionMask = 2147483647;
			files = (
				D2573C1225D6163900E3F41E /* LaunchScreen.storyboard in Resources */,
				D2573C0F25D6163900E3F41E /* Assets.xcassets in Resources */,
				D2573C0D25D6163500E3F41E /* Main.storyboard in Resources */,
			);
			runOnlyForDeploymentPostprocessing = 0;
		};
		D2573C1625D6163A00E3F41E /* Resources */ = {
			isa = PBXResourcesBuildPhase;
			buildActionMask = 2147483647;
			files = (
			);
			runOnlyForDeploymentPostprocessing = 0;
		};
		D2573C2125D6163A00E3F41E /* Resources */ = {
			isa = PBXResourcesBuildPhase;
			buildActionMask = 2147483647;
			files = (
			);
			runOnlyForDeploymentPostprocessing = 0;
		};
/* End PBXResourcesBuildPhase section */

/* Begin PBXShellScriptBuildPhase section */
		41882664367358788DC7A68D /* [CP] Check Pods Manifest.lock */ = {
			isa = PBXShellScriptBuildPhase;
			buildActionMask = 2147483647;
			files = (
			);
			inputPaths = (
				"${PODS_PODFILE_DIR_PATH}/Podfile.lock",
				"${PODS_ROOT}/Manifest.lock",
			);
			name = "[CP] Check Pods Manifest.lock";
			outputPaths = (
				"$(DERIVED_FILE_DIR)/Pods-flixsterUITests-checkManifestLockResult.txt",
			);
			runOnlyForDeploymentPostprocessing = 0;
			shellPath = /bin/sh;
			shellScript = "diff \"${PODS_PODFILE_DIR_PATH}/Podfile.lock\" \"${PODS_ROOT}/Manifest.lock\" > /dev/null\nif [ $? != 0 ] ; then\n    # print error to STDERR\n    echo \"error: The sandbox is not in sync with the Podfile.lock. Run 'pod install' or update your CocoaPods installation.\" >&2\n    exit 1\nfi\n# This output is used by Xcode 'outputs' to avoid re-running this script phase.\necho \"SUCCESS\" > \"${SCRIPT_OUTPUT_FILE_0}\"\n";
			showEnvVarsInLog = 0;
		};
		9214C0ED34B978CBA7A76ADF /* [CP] Check Pods Manifest.lock */ = {
			isa = PBXShellScriptBuildPhase;
			buildActionMask = 2147483647;
			files = (
			);
			inputPaths = (
				"${PODS_PODFILE_DIR_PATH}/Podfile.lock",
				"${PODS_ROOT}/Manifest.lock",
			);
			name = "[CP] Check Pods Manifest.lock";
			outputPaths = (
				"$(DERIVED_FILE_DIR)/Pods-flixsterTests-checkManifestLockResult.txt",
			);
			runOnlyForDeploymentPostprocessing = 0;
			shellPath = /bin/sh;
			shellScript = "diff \"${PODS_PODFILE_DIR_PATH}/Podfile.lock\" \"${PODS_ROOT}/Manifest.lock\" > /dev/null\nif [ $? != 0 ] ; then\n    # print error to STDERR\n    echo \"error: The sandbox is not in sync with the Podfile.lock. Run 'pod install' or update your CocoaPods installation.\" >&2\n    exit 1\nfi\n# This output is used by Xcode 'outputs' to avoid re-running this script phase.\necho \"SUCCESS\" > \"${SCRIPT_OUTPUT_FILE_0}\"\n";
			showEnvVarsInLog = 0;
		};
		A3088F53385EF201711C90AB /* [CP] Check Pods Manifest.lock */ = {
			isa = PBXShellScriptBuildPhase;
			buildActionMask = 2147483647;
			files = (
			);
			inputPaths = (
				"${PODS_PODFILE_DIR_PATH}/Podfile.lock",
				"${PODS_ROOT}/Manifest.lock",
			);
			name = "[CP] Check Pods Manifest.lock";
			outputPaths = (
				"$(DERIVED_FILE_DIR)/Pods-flixster-checkManifestLockResult.txt",
			);
			runOnlyForDeploymentPostprocessing = 0;
			shellPath = /bin/sh;
			shellScript = "diff \"${PODS_PODFILE_DIR_PATH}/Podfile.lock\" \"${PODS_ROOT}/Manifest.lock\" > /dev/null\nif [ $? != 0 ] ; then\n    # print error to STDERR\n    echo \"error: The sandbox is not in sync with the Podfile.lock. Run 'pod install' or update your CocoaPods installation.\" >&2\n    exit 1\nfi\n# This output is used by Xcode 'outputs' to avoid re-running this script phase.\necho \"SUCCESS\" > \"${SCRIPT_OUTPUT_FILE_0}\"\n";
			showEnvVarsInLog = 0;
		};
		EF8EF008AA217752654A1321 /* [CP] Embed Pods Frameworks */ = {
			isa = PBXShellScriptBuildPhase;
			buildActionMask = 2147483647;
			files = (
			);
			inputPaths = (
				"${SRCROOT}/Pods/Target Support Files/Pods-flixster/Pods-flixster-frameworks.sh",
				"${BUILT_PRODUCTS_DIR}/Alamofire/Alamofire.framework",
				"${BUILT_PRODUCTS_DIR}/AlamofireImage/AlamofireImage.framework",
			);
			name = "[CP] Embed Pods Frameworks";
			outputPaths = (
				"${TARGET_BUILD_DIR}/${FRAMEWORKS_FOLDER_PATH}/Alamofire.framework",
				"${TARGET_BUILD_DIR}/${FRAMEWORKS_FOLDER_PATH}/AlamofireImage.framework",
			);
			runOnlyForDeploymentPostprocessing = 0;
			shellPath = /bin/sh;
			shellScript = "\"${SRCROOT}/Pods/Target Support Files/Pods-flixster/Pods-flixster-frameworks.sh\"\n";
			showEnvVarsInLog = 0;
		};
/* End PBXShellScriptBuildPhase section */

/* Begin PBXSourcesBuildPhase section */
		D2573BFE25D6163500E3F41E /* Sources */ = {
			isa = PBXSourcesBuildPhase;
			buildActionMask = 2147483647;
			files = (
				D248A27125E080820016D494 /* MovieDetailsViewController.swift in Sources */,
				D2573C0625D6163500E3F41E /* AppDelegate.swift in Sources */,
				D2573C0825D6163500E3F41E /* SceneDelegate.swift in Sources */,
				D238446625D77D97005C24DB /* MovieCell.swift in Sources */,
				D2573C3925D6371600E3F41E /* MoviesViewController.swift in Sources */,
				D248A27625E0BA8D0016D494 /* MovieGridViewController.swift in Sources */,
				D248A27B25E0C0FD0016D494 /* MovieGridCell.swift in Sources */,
			);
			runOnlyForDeploymentPostprocessing = 0;
		};
		D2573C1425D6163A00E3F41E /* Sources */ = {
			isa = PBXSourcesBuildPhase;
			buildActionMask = 2147483647;
			files = (
				D2573C1D25D6163A00E3F41E /* flixsterTests.swift in Sources */,
			);
			runOnlyForDeploymentPostprocessing = 0;
		};
		D2573C1F25D6163A00E3F41E /* Sources */ = {
			isa = PBXSourcesBuildPhase;
			buildActionMask = 2147483647;
			files = (
				D2573C2825D6163A00E3F41E /* flixsterUITests.swift in Sources */,
			);
			runOnlyForDeploymentPostprocessing = 0;
		};
/* End PBXSourcesBuildPhase section */

/* Begin PBXTargetDependency section */
		D2573C1A25D6163A00E3F41E /* PBXTargetDependency */ = {
			isa = PBXTargetDependency;
			target = D2573C0125D6163500E3F41E /* flixster */;
			targetProxy = D2573C1925D6163A00E3F41E /* PBXContainerItemProxy */;
		};
		D2573C2525D6163A00E3F41E /* PBXTargetDependency */ = {
			isa = PBXTargetDependency;
			target = D2573C0125D6163500E3F41E /* flixster */;
			targetProxy = D2573C2425D6163A00E3F41E /* PBXContainerItemProxy */;
		};
/* End PBXTargetDependency section */

/* Begin PBXVariantGroup section */
		D2573C0B25D6163500E3F41E /* Main.storyboard */ = {
			isa = PBXVariantGroup;
			children = (
				D2573C0C25D6163500E3F41E /* Base */,
			);
			name = Main.storyboard;
			sourceTree = "<group>";
		};
		D2573C1025D6163900E3F41E /* LaunchScreen.storyboard */ = {
			isa = PBXVariantGroup;
			children = (
				D2573C1125D6163900E3F41E /* Base */,
			);
			name = LaunchScreen.storyboard;
			sourceTree = "<group>";
		};
/* End PBXVariantGroup section */

/* Begin XCBuildConfiguration section */
		D2573C2A25D6163A00E3F41E /* Debug */ = {
			isa = XCBuildConfiguration;
			buildSettings = {
				ALWAYS_SEARCH_USER_PATHS = NO;
				CLANG_ANALYZER_NONNULL = YES;
				CLANG_ANALYZER_NUMBER_OBJECT_CONVERSION = YES_AGGRESSIVE;
				CLANG_CXX_LANGUAGE_STANDARD = "gnu++14";
				CLANG_CXX_LIBRARY = "libc++";
				CLANG_ENABLE_MODULES = YES;
				CLANG_ENABLE_OBJC_ARC = YES;
				CLANG_ENABLE_OBJC_WEAK = YES;
				CLANG_WARN_BLOCK_CAPTURE_AUTORELEASING = YES;
				CLANG_WARN_BOOL_CONVERSION = YES;
				CLANG_WARN_COMMA = YES;
				CLANG_WARN_CONSTANT_CONVERSION = YES;
				CLANG_WARN_DEPRECATED_OBJC_IMPLEMENTATIONS = YES;
				CLANG_WARN_DIRECT_OBJC_ISA_USAGE = YES_ERROR;
				CLANG_WARN_DOCUMENTATION_COMMENTS = YES;
				CLANG_WARN_EMPTY_BODY = YES;
				CLANG_WARN_ENUM_CONVERSION = YES;
				CLANG_WARN_INFINITE_RECURSION = YES;
				CLANG_WARN_INT_CONVERSION = YES;
				CLANG_WARN_NON_LITERAL_NULL_CONVERSION = YES;
				CLANG_WARN_OBJC_IMPLICIT_RETAIN_SELF = YES;
				CLANG_WARN_OBJC_LITERAL_CONVERSION = YES;
				CLANG_WARN_OBJC_ROOT_CLASS = YES_ERROR;
				CLANG_WARN_QUOTED_INCLUDE_IN_FRAMEWORK_HEADER = YES;
				CLANG_WARN_RANGE_LOOP_ANALYSIS = YES;
				CLANG_WARN_STRICT_PROTOTYPES = YES;
				CLANG_WARN_SUSPICIOUS_MOVE = YES;
				CLANG_WARN_UNGUARDED_AVAILABILITY = YES_AGGRESSIVE;
				CLANG_WARN_UNREACHABLE_CODE = YES;
				CLANG_WARN__DUPLICATE_METHOD_MATCH = YES;
				COPY_PHASE_STRIP = NO;
				DEBUG_INFORMATION_FORMAT = dwarf;
				ENABLE_STRICT_OBJC_MSGSEND = YES;
				ENABLE_TESTABILITY = YES;
				GCC_C_LANGUAGE_STANDARD = gnu11;
				GCC_DYNAMIC_NO_PIC = NO;
				GCC_NO_COMMON_BLOCKS = YES;
				GCC_OPTIMIZATION_LEVEL = 0;
				GCC_PREPROCESSOR_DEFINITIONS = (
					"DEBUG=1",
					"$(inherited)",
				);
				GCC_WARN_64_TO_32_BIT_CONVERSION = YES;
				GCC_WARN_ABOUT_RETURN_TYPE = YES_ERROR;
				GCC_WARN_UNDECLARED_SELECTOR = YES;
				GCC_WARN_UNINITIALIZED_AUTOS = YES_AGGRESSIVE;
				GCC_WARN_UNUSED_FUNCTION = YES;
				GCC_WARN_UNUSED_VARIABLE = YES;
				IPHONEOS_DEPLOYMENT_TARGET = 14.3;
				MTL_ENABLE_DEBUG_INFO = INCLUDE_SOURCE;
				MTL_FAST_MATH = YES;
				ONLY_ACTIVE_ARCH = YES;
				SDKROOT = iphoneos;
				SWIFT_ACTIVE_COMPILATION_CONDITIONS = DEBUG;
				SWIFT_OPTIMIZATION_LEVEL = "-Onone";
			};
			name = Debug;
		};
		D2573C2B25D6163A00E3F41E /* Release */ = {
			isa = XCBuildConfiguration;
			buildSettings = {
				ALWAYS_SEARCH_USER_PATHS = NO;
				CLANG_ANALYZER_NONNULL = YES;
				CLANG_ANALYZER_NUMBER_OBJECT_CONVERSION = YES_AGGRESSIVE;
				CLANG_CXX_LANGUAGE_STANDARD = "gnu++14";
				CLANG_CXX_LIBRARY = "libc++";
				CLANG_ENABLE_MODULES = YES;
				CLANG_ENABLE_OBJC_ARC = YES;
				CLANG_ENABLE_OBJC_WEAK = YES;
				CLANG_WARN_BLOCK_CAPTURE_AUTORELEASING = YES;
				CLANG_WARN_BOOL_CONVERSION = YES;
				CLANG_WARN_COMMA = YES;
				CLANG_WARN_CONSTANT_CONVERSION = YES;
				CLANG_WARN_DEPRECATED_OBJC_IMPLEMENTATIONS = YES;
				CLANG_WARN_DIRECT_OBJC_ISA_USAGE = YES_ERROR;
				CLANG_WARN_DOCUMENTATION_COMMENTS = YES;
				CLANG_WARN_EMPTY_BODY = YES;
				CLANG_WARN_ENUM_CONVERSION = YES;
				CLANG_WARN_INFINITE_RECURSION = YES;
				CLANG_WARN_INT_CONVERSION = YES;
				CLANG_WARN_NON_LITERAL_NULL_CONVERSION = YES;
				CLANG_WARN_OBJC_IMPLICIT_RETAIN_SELF = YES;
				CLANG_WARN_OBJC_LITERAL_CONVERSION = YES;
				CLANG_WARN_OBJC_ROOT_CLASS = YES_ERROR;
				CLANG_WARN_QUOTED_INCLUDE_IN_FRAMEWORK_HEADER = YES;
				CLANG_WARN_RANGE_LOOP_ANALYSIS = YES;
				CLANG_WARN_STRICT_PROTOTYPES = YES;
				CLANG_WARN_SUSPICIOUS_MOVE = YES;
				CLANG_WARN_UNGUARDED_AVAILABILITY = YES_AGGRESSIVE;
				CLANG_WARN_UNREACHABLE_CODE = YES;
				CLANG_WARN__DUPLICATE_METHOD_MATCH = YES;
				COPY_PHASE_STRIP = NO;
				DEBUG_INFORMATION_FORMAT = "dwarf-with-dsym";
				ENABLE_NS_ASSERTIONS = NO;
				ENABLE_STRICT_OBJC_MSGSEND = YES;
				GCC_C_LANGUAGE_STANDARD = gnu11;
				GCC_NO_COMMON_BLOCKS = YES;
				GCC_WARN_64_TO_32_BIT_CONVERSION = YES;
				GCC_WARN_ABOUT_RETURN_TYPE = YES_ERROR;
				GCC_WARN_UNDECLARED_SELECTOR = YES;
				GCC_WARN_UNINITIALIZED_AUTOS = YES_AGGRESSIVE;
				GCC_WARN_UNUSED_FUNCTION = YES;
				GCC_WARN_UNUSED_VARIABLE = YES;
				IPHONEOS_DEPLOYMENT_TARGET = 14.3;
				MTL_ENABLE_DEBUG_INFO = NO;
				MTL_FAST_MATH = YES;
				SDKROOT = iphoneos;
				SWIFT_COMPILATION_MODE = wholemodule;
				SWIFT_OPTIMIZATION_LEVEL = "-O";
				VALIDATE_PRODUCT = YES;
			};
			name = Release;
		};
		D2573C2D25D6163A00E3F41E /* Debug */ = {
			isa = XCBuildConfiguration;
			baseConfigurationReference = B965A8D71DD52F4B93431AFD /* Pods-flixster.debug.xcconfig */;
			buildSettings = {
				ASSETCATALOG_COMPILER_APPICON_NAME = AppIcon;
				ASSETCATALOG_COMPILER_GLOBAL_ACCENT_COLOR_NAME = AccentColor;
				CODE_SIGN_STYLE = Automatic;
				INFOPLIST_FILE = flixster/Info.plist;
				LD_RUNPATH_SEARCH_PATHS = (
					"$(inherited)",
					"@executable_path/Frameworks",
				);
				PRODUCT_BUNDLE_IDENTIFIER = "cher.tsering-icloud.com.flixster";
				PRODUCT_NAME = "$(TARGET_NAME)";
				SWIFT_VERSION = 5.0;
				TARGETED_DEVICE_FAMILY = "1,2";
			};
			name = Debug;
		};
		D2573C2E25D6163A00E3F41E /* Release */ = {
			isa = XCBuildConfiguration;
			baseConfigurationReference = A52188BF4679830B94E67D89 /* Pods-flixster.release.xcconfig */;
			buildSettings = {
				ASSETCATALOG_COMPILER_APPICON_NAME = AppIcon;
				ASSETCATALOG_COMPILER_GLOBAL_ACCENT_COLOR_NAME = AccentColor;
				CODE_SIGN_STYLE = Automatic;
				INFOPLIST_FILE = flixster/Info.plist;
				LD_RUNPATH_SEARCH_PATHS = (
					"$(inherited)",
					"@executable_path/Frameworks",
				);
				PRODUCT_BUNDLE_IDENTIFIER = "cher.tsering-icloud.com.flixster";
				PRODUCT_NAME = "$(TARGET_NAME)";
				SWIFT_VERSION = 5.0;
				TARGETED_DEVICE_FAMILY = "1,2";
			};
			name = Release;
		};
		D2573C3025D6163A00E3F41E /* Debug */ = {
			isa = XCBuildConfiguration;
			baseConfigurationReference = 50655D217DF5EFDF2AF47C6E /* Pods-flixsterTests.debug.xcconfig */;
			buildSettings = {
				ALWAYS_EMBED_SWIFT_STANDARD_LIBRARIES = YES;
				BUNDLE_LOADER = "$(TEST_HOST)";
				CODE_SIGN_STYLE = Automatic;
				INFOPLIST_FILE = flixsterTests/Info.plist;
				IPHONEOS_DEPLOYMENT_TARGET = 14.3;
				LD_RUNPATH_SEARCH_PATHS = (
					"$(inherited)",
					"@executable_path/Frameworks",
					"@loader_path/Frameworks",
				);
				PRODUCT_BUNDLE_IDENTIFIER = "cher.tsering-icloud.com.flixsterTests";
				PRODUCT_NAME = "$(TARGET_NAME)";
				SWIFT_VERSION = 5.0;
				TARGETED_DEVICE_FAMILY = "1,2";
				TEST_HOST = "$(BUILT_PRODUCTS_DIR)/flixster.app/flixster";
			};
			name = Debug;
		};
		D2573C3125D6163A00E3F41E /* Release */ = {
			isa = XCBuildConfiguration;
			baseConfigurationReference = 60C38C61A981E50EFA832284 /* Pods-flixsterTests.release.xcconfig */;
			buildSettings = {
				ALWAYS_EMBED_SWIFT_STANDARD_LIBRARIES = YES;
				BUNDLE_LOADER = "$(TEST_HOST)";
				CODE_SIGN_STYLE = Automatic;
				INFOPLIST_FILE = flixsterTests/Info.plist;
				IPHONEOS_DEPLOYMENT_TARGET = 14.3;
				LD_RUNPATH_SEARCH_PATHS = (
					"$(inherited)",
					"@executable_path/Frameworks",
					"@loader_path/Frameworks",
				);
				PRODUCT_BUNDLE_IDENTIFIER = "cher.tsering-icloud.com.flixsterTests";
				PRODUCT_NAME = "$(TARGET_NAME)";
				SWIFT_VERSION = 5.0;
				TARGETED_DEVICE_FAMILY = "1,2";
				TEST_HOST = "$(BUILT_PRODUCTS_DIR)/flixster.app/flixster";
			};
			name = Release;
		};
		D2573C3325D6163A00E3F41E /* Debug */ = {
			isa = XCBuildConfiguration;
			baseConfigurationReference = EE07F16666FB33F36091C0DA /* Pods-flixsterUITests.debug.xcconfig */;
			buildSettings = {
				ALWAYS_EMBED_SWIFT_STANDARD_LIBRARIES = YES;
				CODE_SIGN_STYLE = Automatic;
				INFOPLIST_FILE = flixsterUITests/Info.plist;
				LD_RUNPATH_SEARCH_PATHS = (
					"$(inherited)",
					"@executable_path/Frameworks",
					"@loader_path/Frameworks",
				);
				PRODUCT_BUNDLE_IDENTIFIER = "cher.tsering-icloud.com.flixsterUITests";
				PRODUCT_NAME = "$(TARGET_NAME)";
				SWIFT_VERSION = 5.0;
				TARGETED_DEVICE_FAMILY = "1,2";
				TEST_TARGET_NAME = flixster;
			};
			name = Debug;
		};
		D2573C3425D6163A00E3F41E /* Release */ = {
			isa = XCBuildConfiguration;
			baseConfigurationReference = 664CAC2F50B549773B677C55 /* Pods-flixsterUITests.release.xcconfig */;
			buildSettings = {
				ALWAYS_EMBED_SWIFT_STANDARD_LIBRARIES = YES;
				CODE_SIGN_STYLE = Automatic;
				INFOPLIST_FILE = flixsterUITests/Info.plist;
				LD_RUNPATH_SEARCH_PATHS = (
					"$(inherited)",
					"@executable_path/Frameworks",
					"@loader_path/Frameworks",
				);
				PRODUCT_BUNDLE_IDENTIFIER = "cher.tsering-icloud.com.flixsterUITests";
				PRODUCT_NAME = "$(TARGET_NAME)";
				SWIFT_VERSION = 5.0;
				TARGETED_DEVICE_FAMILY = "1,2";
				TEST_TARGET_NAME = flixster;
			};
			name = Release;
		};
/* End XCBuildConfiguration section */

/* Begin XCConfigurationList section */
		D2573BFD25D6163500E3F41E /* Build configuration list for PBXProject "flixster" */ = {
			isa = XCConfigurationList;
			buildConfigurations = (
				D2573C2A25D6163A00E3F41E /* Debug */,
				D2573C2B25D6163A00E3F41E /* Release */,
			);
			defaultConfigurationIsVisible = 0;
			defaultConfigurationName = Release;
		};
		D2573C2C25D6163A00E3F41E /* Build configuration list for PBXNativeTarget "flixster" */ = {
			isa = XCConfigurationList;
			buildConfigurations = (
				D2573C2D25D6163A00E3F41E /* Debug */,
				D2573C2E25D6163A00E3F41E /* Release */,
			);
			defaultConfigurationIsVisible = 0;
			defaultConfigurationName = Release;
		};
		D2573C2F25D6163A00E3F41E /* Build configuration list for PBXNativeTarget "flixsterTests" */ = {
			isa = XCConfigurationList;
			buildConfigurations = (
				D2573C3025D6163A00E3F41E /* Debug */,
				D2573C3125D6163A00E3F41E /* Release */,
			);
			defaultConfigurationIsVisible = 0;
			defaultConfigurationName = Release;
		};
		D2573C3225D6163A00E3F41E /* Build configuration list for PBXNativeTarget "flixsterUITests" */ = {
			isa = XCConfigurationList;
			buildConfigurations = (
				D2573C3325D6163A00E3F41E /* Debug */,
				D2573C3425D6163A00E3F41E /* Release */,
			);
			defaultConfigurationIsVisible = 0;
			defaultConfigurationName = Release;
		};
/* End XCConfigurationList section */
	};
	rootObject = D2573BFA25D6163500E3F41E /* Project object */;
}
